
Microsoft Visual Studio Solution File, Format Version 10.00
# Visual Studio 2008
Project("{FAE04EC0-301F-11D3-BF4B-00C04F79EFBC}") = "ServiceBusReverseWebProxy", "ServiceBusReverseWebProxy\ServiceBusReverseWebProxy.csproj", "{22EEA15A-F395-4E87-A910-9145F09A9F17}"
EndProject
Project("{FAE04EC0-301F-11D3-BF4B-00C04F79EFBC}") = "ServiceBusClientAccessPolicyService", "ServiceBusClientAccessPolicyService\ServiceBusClientAccessPolicyService.csproj", "{0AB5A5AF-7532-4145-9A87-484B6AA9DFDE}"
EndProject
Global
	GlobalSection(SolutionConfigurationPlatforms) = preSolution
		Debug|Any CPU = Debug|Any CPU
		Release|Any CPU = Release|Any CPU
	EndGlobalSection
	GlobalSection(ProjectConfigurationPlatforms) = postSolution
		{22EEA15A-F395-4E87-A910-9145F09A9F17}.Debug|Any CPU.ActiveCfg = Debug|Any CPU
		{22EEA15A-F395-4E87-A910-9145F09A9F17}.Debug|Any CPU.Build.0 = Debug|Any CPU
		{22EEA15A-F395-4E87-A910-9145F09A9F17}.Release|Any CPU.ActiveCfg = Release|Any CPU
		{22EEA15A-F395-4E87-A910-9145F09A9F17}.Release|Any CPU.Build.0 = Release|Any CPU
		{0AB5A5AF-7532-4145-9A87-484B6AA9DFDE}.Debug|Any CPU.ActiveCfg = Debug|Any CPU
		{0AB5A5AF-7532-4145-9A87-484B6AA9DFDE}.Debug|Any CPU.Build.0 = Debug|Any CPU
		{0AB5A5AF-7532-4145-9A87-484B6AA9DFDE}.Release|Any CPU.ActiveCfg = Release|Any CPU
		{0AB5A5AF-7532-4145-9A87-484B6AA9DFDE}.Release|Any CPU.Build.0 = Release|Any CPU
	EndGlobalSection
	GlobalSection(SolutionProperties) = preSolution
		HideSolutionNode = FALSE
	EndGlobalSection
EndGlobal
